{
    "_readme": [
        "This file locks the dependencies of your project to a known state",
        "Read more about it at https://getcomposer.org/doc/01-basic-usage.md#composer-lock-the-lock-file",
        "This file is @generated automatically"
    ],
    "hash": "24b884557e613d71e34c8513466a931b",
    "packages": [
        {
            "name": "composer/installers",
            "version": "v1.0.21",
            "source": {
                "type": "git",
                "url": "https://github.com/composer/installers.git",
                "reference": "d64e23fce42a4063d63262b19b8e7c0f3b5e4c45"
            },
            "dist": {
                "type": "zip",
                "url": "https://api.github.com/repos/composer/installers/zipball/d64e23fce42a4063d63262b19b8e7c0f3b5e4c45",
                "reference": "d64e23fce42a4063d63262b19b8e7c0f3b5e4c45",
                "shasum": ""
            },
            "replace": {
                "roundcube/plugin-installer": "*",
                "shama/baton": "*"
            },
            "require-dev": {
                "composer/composer": "1.0.*@dev",
                "phpunit/phpunit": "4.1.*"
            },
            "type": "composer-installer",
            "extra": {
                "class": "Composer\\Installers\\Installer",
                "branch-alias": {
                    "dev-master": "1.0-dev"
                }
            },
            "autoload": {
                "psr-0": {
                    "Composer\\Installers\\": "src/"
                }
            },
            "notification-url": "https://packagist.org/downloads/",
            "license": [
                "MIT"
            ],
            "authors": [
                {
                    "name": "Kyle Robinson Young",
                    "email": "kyle@dontkry.com",
                    "homepage": "https://github.com/shama"
                }
            ],
            "description": "A multi-framework Composer library installer",
            "homepage": "http://composer.github.com/installers/",
            "keywords": [
                "Craft",
                "Dolibarr",
                "Hurad",
                "MODX Evo",
                "OXID",
                "SMF",
                "Thelia",
                "WolfCMS",
                "agl",
                "aimeos",
                "annotatecms",
                "bitrix",
                "cakephp",
                "chef",
                "codeigniter",
                "concrete5",
                "croogo",
                "dokuwiki",
                "drupal",
                "elgg",
                "fuelphp",
                "grav",
                "installer",
                "joomla",
                "kohana",
                "laravel",
                "lithium",
                "magento",
                "mako",
                "mediawiki",
                "modulework",
                "moodle",
                "phpbb",
                "piwik",
                "ppi",
                "puppet",
                "roundcube",
                "shopware",
                "silverstripe",
                "symfony",
                "typo3",
                "wordpress",
                "zend",
                "zikula"
            ],
            "time": "2015-02-18 17:17:01"
        },
        {
            "name": "johnpbloch/wordpress",
            "version": "4.3",
            "source": {
                "type": "git",
                "url": "https://github.com/johnpbloch/wordpress.git",
                "reference": "2afe902599538caaa0f1fd7579895dd7cc0ac5f7"
            },
            "dist": {
                "type": "zip",
                "url": "https://api.github.com/repos/johnpbloch/wordpress/zipball/2afe902599538caaa0f1fd7579895dd7cc0ac5f7",
                "reference": "2afe902599538caaa0f1fd7579895dd7cc0ac5f7",
                "shasum": ""
            },
            "require": {
                "johnpbloch/wordpress-core-installer": "~0.2",
                "php": ">=5.3.2"
            },
            "type": "wordpress-core",
            "notification-url": "https://packagist.org/downloads/",
            "license": [
                "GPL-2.0+"
            ],
            "authors": [
                {
                    "name": "WordPress Community",
                    "homepage": "http://wordpress.org/about/"
                }
            ],
            "description": "WordPress is web software you can use to create a beautiful website or blog.",
            "homepage": "http://wordpress.org/",
            "keywords": [
                "blog",
                "cms"
            ],
            "time": "2015-08-18 18:16:11"
        },
        {
            "name": "johnpbloch/wordpress-core-installer",
            "version": "0.2.1",
            "source": {
                "type": "git",
                "url": "https://github.com/johnpbloch/wordpress-core-installer.git",
                "reference": "a04c2c383ef13aae077f36799ed2eafdebd618d2"
            },
            "dist": {
                "type": "zip",
                "url": "https://api.github.com/repos/johnpbloch/wordpress-core-installer/zipball/a04c2c383ef13aae077f36799ed2eafdebd618d2",
                "reference": "a04c2c383ef13aae077f36799ed2eafdebd618d2",
                "shasum": ""
            },
            "require": {
                "composer-plugin-api": "^1.0"
            },
            "conflict": {
                "composer/installers": "<1.0.6"
            },
            "require-dev": {
                "composer/composer": "1.0.*@dev"
            },
            "type": "composer-plugin",
            "extra": {
                "class": "johnpbloch\\Composer\\WordPressCorePlugin"
            },
            "autoload": {
                "psr-0": {
                    "johnpbloch\\Composer\\": "src/"
                }
            },
            "notification-url": "https://packagist.org/downloads/",
            "license": [
                "GPL-2.0+"
            ],
            "authors": [
                {
                    "name": "John P. Bloch",
                    "email": "me@johnpbloch.com"
                }
            ],
            "description": "A custom installer to handle deploying WordPress with composer",
            "keywords": [
                "wordpress"
            ],
            "time": "2015-06-11 15:15:30"
        },
        {
            "name": "trick-e/Catalog",
            "version": "1.0.11.1",
            "source": {
                "type": "git",
                "url": "https://github.com/ceekayel/Catalog.git",
                "reference": "3a2c113a717370156c74f07193c0bd284783ccbe"
            },
            "dist": {
                "type": "zip",
                "url": "https://api.github.com/repos/ceekayel/Catalog/zipball/3a2c113a717370156c74f07193c0bd284783ccbe",
                "reference": "3a2c113a717370156c74f07193c0bd284783ccbe",
                "shasum": ""
            },
            "require": {
                "composer/installers": "^1.0",
                "php": ">=5.4 <5.7"
            },
            "type": "wordpress-theme",
            "license": [
                "proprietary"
            ],
            "authors": [
                {
                    "name": "Christopher Legan",
                    "email": "ceekayel@trick-e.com"
                }
            ],
            "description": "A Wordpress theme called Catalog, by Templatic.",
            "keywords": [
                "catalog",
                "templatic",
                "theme",
                "themes",
                "wordpress"
            ],
            "support": {
                "source": "https://github.com/ceekayel/Catalog/tree/1.0.11.1",
                "issues": "https://github.com/ceekayel/Catalog/issues"
            },
            "time": "2015-08-20 12:37:49"
        },
        {
            "name": "trick-e/Directory",
            "version": "2.0.7.1",
            "source": {
                "type": "git",
                "url": "https://github.com/ceekayel/Directory.git",
                "reference": "084a0b9381d45b346932867fd5abb51ac837c119"
            },
            "dist": {
                "type": "zip",
                "url": "https://api.github.com/repos/ceekayel/Directory/zipball/084a0b9381d45b346932867fd5abb51ac837c119",
                "reference": "084a0b9381d45b346932867fd5abb51ac837c119",
                "shasum": ""
            },
            "require": {
                "composer/installers": "^1.0",
                "php": ">=5.4 <5.7"
            },
            "suggest": {
                "trick-e/Tevolution": " required - a plugin for this theme",
                "trick-e/tevolution-directory-plugin": " required - a plugin for this theme",
                "trick-e/tevolution-location-manager-plugin": " required - a plugin for this theme"
            },
            "type": "wordpress-theme",
            "license": [
                "proprietary"
            ],
            "authors": [
                {
                    "name": "Christopher Legan",
                    "email": "ceekayel@trick-e.com"
                }
            ],
            "description": "A Wordpress template called Directory, by Templatic.",
            "keywords": [
                "Templatic",
                "directory",
                "theme",
                "themes",
                "wordpress"
            ],
            "support": {
                "source": "https://github.com/ceekayel/Directory/tree/2.0.7.1",
                "issues": "https://github.com/ceekayel/Directory/issues"
            },
            "time": "2015-08-20 15:19:26"
        },
        {
            "name": "trick-e/Tevolution",
            "version": "2.2.11.2",
            "source": {
                "type": "git",
                "url": "https://github.com/ceekayel/Tevolution.git",
                "reference": "07c869b3b276dc3f7dd258927fa72e626718f4ce"
            },
            "dist": {
                "type": "zip",
                "url": "https://api.github.com/repos/ceekayel/Tevolution/zipball/07c869b3b276dc3f7dd258927fa72e626718f4ce",
                "reference": "07c869b3b276dc3f7dd258927fa72e626718f4ce",
                "shasum": ""
            },
            "require": {
                "composer/installers": "^1.0",
                "php": ">=5.4 <5.7"
            },
            "type": "wordpress-plugin",
            "license": [
                "proprietary"
            ],
            "authors": [
                {
                    "name": "Christopher Legan",
                    "email": "ceekayel@trick-e.com"
                }
            ],
            "description": "Tevolution Wordpress Plugin for Directory, by Templatic.",
            "keywords": [
                "Tevolution",
                "directory-theme",
                "plugin",
                "plugins",
                "templatic",
                "tevolution-plugin",
                "wordpress"
            ],
            "support": {
                "source": "https://github.com/ceekayel/Tevolution/tree/2.2.11.2",
                "issues": "https://github.com/ceekayel/Tevolution/issues"
            },
            "time": "2015-08-19 16:18:38"
        },
        {
            "name": "trick-e/Tevolution-Directory",
            "version": "2.0.10.1",
            "source": {
                "type": "git",
                "url": "https://github.com/ceekayel/Tevolution-Directory.git",
                "reference": "11cc407766100376758b739ca6ebb4541f94c133"
            },
            "dist": {
                "type": "zip",
                "url": "https://api.github.com/repos/ceekayel/Tevolution-Directory/zipball/11cc407766100376758b739ca6ebb4541f94c133",
                "reference": "11cc407766100376758b739ca6ebb4541f94c133",
                "shasum": ""
            },
            "require": {
                "composer/installers": "^1.0",
                "php": ">=5.4 <5.7"
            },
            "type": "wordpress-plugin",
            "license": [
                "proprietary"
            ],
            "authors": [
                {
                    "name": "Christopher Legan",
                    "email": "ceekayel@trick-e.com"
                }
            ],
            "description": "Directory Wordpress Plugin for Directory, by Templatic.",
            "keywords": [
                "directory-plugin",
                "directory-theme",
                "plugin",
                "plugins",
                "templatic",
                "tevolution",
                "wordpress"
            ],
            "support": {
                "source": "https://github.com/ceekayel/Tevolution-Directory/tree/2.0.10.1",
                "issues": "https://github.com/ceekayel/Tevolution-Directory/issues"
            },
            "time": "2015-08-20 20:34:43"
        },
        {
            "name": "trick-e/Tevolution-LocationManager",
            "version": "2.0.9",
            "source": {
                "type": "git",
                "url": "https://github.com/ceekayel/Tevolution-LocationManager.git",
                "reference": "8900d1d39a8733b9b89bff01992d39b12b1fff86"
            },
            "dist": {
                "type": "zip",
                "url": "https://api.github.com/repos/ceekayel/Tevolution-LocationManager/zipball/8900d1d39a8733b9b89bff01992d39b12b1fff86",
                "reference": "8900d1d39a8733b9b89bff01992d39b12b1fff86",
                "shasum": ""
            },
            "require": {
                "composer/installers": "^1.0",
                "php": ">=5.4 <5.7"
            },
            "type": "wordpress-plugin",
            "license": [
                "proprietary"
            ],
            "authors": [
                {
                    "name": "Christopher Legan",
                    "email": "ceekayel@trick-e.com"
                }
            ],
            "description": "Location Manager Wordpress Plugin for Directory, by Templatic.",
            "keywords": [
                "directory-theme",
                "location-manager-plugin",
                "plugin",
                "plugins",
                "templatic",
                "tevolution",
                "wordpress"
            ],
            "support": {
                "source": "https://github.com/ceekayel/Tevolution-LocationManager/tree/2.0.9",
                "issues": "https://github.com/ceekayel/Tevolution-LocationManager/issues"
            },
            "time": "2015-08-19 02:32:26"
        },
        {
            "name": "trick-e/cornerstone",
            "version": "1.0.5.2",
            "source": {
                "type": "git",
                "url": "https://github.com/ceekayel/cornerstone.git",
                "reference": "3bd7aa68bfdd9962fdb3f989062465ce42805a86"
            },
            "dist": {
                "type": "zip",
                "url": "https://api.github.com/repos/ceekayel/cornerstone/zipball/3bd7aa68bfdd9962fdb3f989062465ce42805a86",
                "reference": "3bd7aa68bfdd9962fdb3f989062465ce42805a86",
                "shasum": ""
            },
            "require": {
                "composer/installers": "^1.0",
                "php": ">=5.4 <5.7"
            },
            "type": "wordpress-plugin",
            "license": [
                "proprietary"
            ],
            "authors": [
                {
                    "name": "Christopher Legan",
                    "email": "ceekayel@trick-e.com"
                }
            ],
            "description": "Cornerstone Wordpress Plugin for X.",
            "keywords": [
                "cornerstone",
                "plugin",
                "plugins",
                "wordpress",
                "x-theme"
            ],
            "support": {
                "source": "https://github.com/ceekayel/cornerstone/tree/master",
                "issues": "https://github.com/ceekayel/cornerstone/issues"
            },
            "time": "2015-08-21 22:47:31"
        },
        {
            "name": "trick-e/duplicator",
            "version": "0.5.28.1",
            "source": {
                "type": "git",
                "url": "https://github.com/ceekayel/duplicator.git",
                "reference": "e0d0c89e6be16643d39fdb3413a8d14f1c6b8590"
            },
            "dist": {
                "type": "zip",
                "url": "https://api.github.com/repos/ceekayel/duplicator/zipball/e0d0c89e6be16643d39fdb3413a8d14f1c6b8590",
                "reference": "e0d0c89e6be16643d39fdb3413a8d14f1c6b8590",
                "shasum": ""
            },
            "require": {
                "composer/installers": "^1.0",
                "php": ">=5.4 <5.7"
            },
            "type": "wordpress-plugin",
            "license": [
                "proprietary"
            ],
            "authors": [
                {
                    "name": "Christopher Legan",
                    "email": "ceekayel@trick-e.com"
                }
            ],
            "description": "Duplicator Wordpress Plugin.",
            "keywords": [
                "duplicator",
                "plugin",
                "plugins",
                "wordpress"
            ],
            "support": {
                "source": "https://github.com/ceekayel/duplicator/tree/enable_wordpress_in_subfolder",
                "issues": "https://github.com/ceekayel/duplicator/issues"
            },
            "time": "2015-08-25 00:49:54"
        },
        {
            "name": "trick-e/revslider",
            "version": "4.6.93",
            "source": {
                "type": "git",
                "url": "https://github.com/ceekayel/revslider.git",
                "reference": "5441f1b47a0118bacdc9abad3a0e784e064f4764"
            },
            "dist": {
                "type": "zip",
                "url": "https://api.github.com/repos/ceekayel/revslider/zipball/5441f1b47a0118bacdc9abad3a0e784e064f4764",
                "reference": "5441f1b47a0118bacdc9abad3a0e784e064f4764",
                "shasum": ""
            },
            "require": {
                "composer/installers": "^1.0",
                "php": ">=5.4 <5.7"
            },
            "type": "wordpress-plugin",
            "license": [
                "proprietary"
            ],
            "authors": [
                {
                    "name": "Christopher Legan",
                    "email": "ceekayel@trick-e.com"
                }
            ],
            "description": "Revslider Wordpress Plugin for X.",
            "keywords": [
                "plugin",
                "plugins",
                "revslider",
                "wordpress",
                "x-theme"
            ],
            "support": {
                "source": "https://github.com/ceekayel/revslider/tree/master",
                "issues": "https://github.com/ceekayel/revslider/issues"
            },
            "time": "2015-08-18 13:36:10"
        },
        {
            "name": "trick-e/supreme",
            "version": "1.1.4",
            "source": {
                "type": "git",
                "url": "https://github.com/ceekayel/supreme.git",
                "reference": "177446112a7eae89d4439d2e5218d3f6d4382385"
            },
            "dist": {
                "type": "zip",
                "url": "https://api.github.com/repos/ceekayel/supreme/zipball/177446112a7eae89d4439d2e5218d3f6d4382385",
                "reference": "177446112a7eae89d4439d2e5218d3f6d4382385",
                "shasum": ""
            },
            "require": {
                "composer/installers": "^1.0",
                "php": ">=5.4 <5.7"
            },
            "suggest": {
                "trick-e/supreme-theme": " required - this is a child theme of supreme"
            },
            "type": "wordpress-theme",
            "license": [
                "proprietary"
            ],
            "authors": [
                {
                    "name": "Christopher Legan",
                    "email": "ceekayel@trick-e.com"
                }
            ],
            "description": "Supreme Wordpress Parent Theme for Catalog, by Templatic.",
            "keywords": [
                "catalog",
                "supreme",
                "theme",
                "themes",
                "wordpress"
            ],
            "support": {
                "source": "https://github.com/ceekayel/supreme/tree/1.1.4",
                "issues": "https://github.com/ceekayel/supreme/issues"
            },
            "time": "2015-08-18 23:10:29"
        },
        {
            "name": "trick-e/tevolution-bulkimport-plugin",
            "version": "1.0",
            "source": {
                "type": "git",
                "url": "https://github.com/ceekayel/Tevolution-BulkImport.git",
                "reference": "50e2ab3b087b7cf837742709adc69ed6e9f8ccc3"
            },
            "dist": {
                "type": "zip",
                "url": "https://api.github.com/repos/ceekayel/Tevolution-BulkImport/zipball/50e2ab3b087b7cf837742709adc69ed6e9f8ccc3",
                "reference": "50e2ab3b087b7cf837742709adc69ed6e9f8ccc3",
                "shasum": ""
            },
            "require": {
                "composer/installers": "^1.0",
                "php": ">=5.4 <5.7"
            },
            "type": "wordpress-plugin",
            "license": [
                "proprietary"
            ],
            "authors": [
                {
                    "name": "Christopher Legan",
                    "email": "ceekayel@trick-e.com"
                }
            ],
            "description": "Tevolution Bulk Import Wordpress Plugin for Directory, by Templatic.",
            "keywords": [
                "bulkimport-plugin",
                "directory-theme",
                "plugin",
                "plugins",
                "templatic",
                "tevolution",
                "tevolution-plugin",
                "wordpress"
            ],
            "support": {
                "source": "https://github.com/ceekayel/Tevolution-BulkImport/tree/1.0",
                "issues": "https://github.com/ceekayel/Tevolution-BulkImport/issues"
            },
            "time": "2015-08-18 21:14:58"
        },
        {
            "name": "trick-e/x",
            "version": "4.0.7",
            "source": {
                "type": "git",
                "url": "https://github.com/ceekayel/x.git",
                "reference": "06f59fc43b4baa6faf2367f922d22d62b58f6464"
            },
            "dist": {
                "type": "zip",
                "url": "https://api.github.com/repos/ceekayel/x/zipball/06f59fc43b4baa6faf2367f922d22d62b58f6464",
                "reference": "06f59fc43b4baa6faf2367f922d22d62b58f6464",
                "shasum": ""
            },
            "require": {
                "composer/installers": "^1.0",
                "php": ">=5.4 <5.7"
            },
            "suggest": {
                "trick-e/cornerstone": "^1.0.5 required for this theme to operate"
            },
            "type": "wordpress-theme",
            "license": [
                "proprietary"
            ],
            "authors": [
                {
                    "name": "Christopher Legan",
                    "email": "ceekayel@trick-e.com"
                }
            ],
            "description": "A Wordpress theme called X, by Themeforest.",
            "keywords": [
                "theme",
                "themeforest",
                "themes",
                "wordpress",
                "x"
            ],
            "support": {
                "source": "https://github.com/ceekayel/x/tree/4.0.7",
                "issues": "https://github.com/ceekayel/x/issues"
            },
            "time": "2015-08-25 02:37:22"
        },
        {
            "name": "trick-e/x-content-dock",
            "version": "1.0.0",
            "source": {
                "type": "git",
                "url": "https://github.com/ceekayel/x-content-dock.git",
                "reference": "981a70dd575a2ba41bdfc499339005656a49f9ef"
            },
            "dist": {
                "type": "zip",
                "url": "https://api.github.com/repos/ceekayel/x-content-dock/zipball/981a70dd575a2ba41bdfc499339005656a49f9ef",
                "reference": "981a70dd575a2ba41bdfc499339005656a49f9ef",
                "shasum": ""
            },
            "require": {
                "composer/installers": "^1.0",
                "php": ">=5.4 <5.7"
            },
            "type": "wordpress-plugin",
            "license": [
                "proprietary"
            ],
            "authors": [
                {
                    "name": "Christopher Legan",
                    "email": "ceekayel@trick-e.com"
                }
            ],
            "description": "Revslider Wordpress Plugin for X.",
            "keywords": [
                "plugin",
                "plugins",
                "revslider",
                "wordpress",
                "x-theme"
            ],
            "support": {
                "source": "https://github.com/ceekayel/x-content-dock/tree/1.0.0",
                "issues": "https://github.com/ceekayel/x-content-dock/issues"
            },
            "time": "2015-08-25 01:04:16"
        },
        {
            "name": "trick-e/x-custom-404",
            "version": "1.0.0",
            "source": {
                "type": "git",
                "url": "https://github.com/ceekayel/x-custom-404.git",
                "reference": "c4a3d3da55cea78eecf2c6d7b9f8c7252f182784"
            },
            "dist": {
                "type": "zip",
                "url": "https://api.github.com/repos/ceekayel/x-custom-404/zipball/c4a3d3da55cea78eecf2c6d7b9f8c7252f182784",
                "reference": "c4a3d3da55cea78eecf2c6d7b9f8c7252f182784",
                "shasum": ""
            },
            "require": {
                "composer/installers": "^1.0",
                "php": ">=5.4 <5.7"
            },
            "type": "wordpress-plugin",
            "license": [
                "proprietary"
            ],
            "authors": [
                {
                    "name": "Christopher Legan",
                    "email": "ceekayel@trick-e.com"
                }
            ],
            "description": "Revslider Wordpress Plugin for X.",
            "keywords": [
                "plugin",
                "plugins",
                "revslider",
                "wordpress",
                "x-theme"
            ],
            "support": {
                "source": "https://github.com/ceekayel/x-custom-404/tree/1.0.0",
                "issues": "https://github.com/ceekayel/x-custom-404/issues"
            },
            "time": "2015-08-25 01:05:14"
        },
        {
            "name": "trick-e/x-email-mailchimp",
            "version": "1.1.0",
            "source": {
                "type": "git",
                "url": "https://github.com/ceekayel/x-email-mailchimp.git",
                "reference": "a6e6f37c93b9edc4e04edd0de1ff806a5aa4927b"
            },
            "dist": {
                "type": "zip",
                "url": "https://api.github.com/repos/ceekayel/x-email-mailchimp/zipball/a6e6f37c93b9edc4e04edd0de1ff806a5aa4927b",
                "reference": "a6e6f37c93b9edc4e04edd0de1ff806a5aa4927b",
                "shasum": ""
            },
            "require": {
                "composer/installers": "^1.0",
                "php": ">=5.4 <5.7"
            },
            "type": "wordpress-plugin",
            "license": [
                "proprietary"
            ],
            "authors": [
                {
                    "name": "Christopher Legan",
                    "email": "ceekayel@trick-e.com"
                }
            ],
            "description": "Revslider Wordpress Plugin for X.",
            "keywords": [
                "plugin",
                "plugins",
                "revslider",
                "wordpress",
                "x-theme"
            ],
            "support": {
                "source": "https://github.com/ceekayel/x-email-mailchimp/tree/1.1.0",
                "issues": "https://github.com/ceekayel/x-email-mailchimp/issues"
            },
            "time": "2015-08-25 01:06:12"
        },
        {
            "name": "trick-e/x-smooth-scroll",
            "version": "1.0.2",
            "source": {
                "type": "git",
                "url": "https://github.com/ceekayel/x-smooth-scroll.git",
                "reference": "239cfcb90ddeade0c931d2eccc494c4f0ca01983"
            },
            "dist": {
                "type": "zip",
                "url": "https://api.github.com/repos/ceekayel/x-smooth-scroll/zipball/239cfcb90ddeade0c931d2eccc494c4f0ca01983",
                "reference": "239cfcb90ddeade0c931d2eccc494c4f0ca01983",
                "shasum": ""
            },
            "require": {
                "composer/installers": "^1.0",
                "php": ">=5.4 <5.7"
            },
            "type": "wordpress-plugin",
            "license": [
                "proprietary"
            ],
            "authors": [
                {
                    "name": "Christopher Legan",
                    "email": "ceekayel@trick-e.com"
                }
            ],
            "description": "Revslider Wordpress Plugin for X.",
            "keywords": [
                "plugin",
                "plugins",
                "revslider",
                "wordpress",
                "x-theme"
            ],
            "support": {
                "source": "https://github.com/ceekayel/x-smooth-scroll/tree/1.0.2",
                "issues": "https://github.com/ceekayel/x-smooth-scroll/issues"
            },
            "time": "2015-08-25 01:06:46"
        },
        {
            "name": "trick-e/x-video-lock",
            "version": "1.1.0",
            "source": {
                "type": "git",
                "url": "https://github.com/ceekayel/x-video-lock.git",
                "reference": "837e42d996221e56721b13de2b9d874593c4ca06"
            },
            "dist": {
                "type": "zip",
                "url": "https://api.github.com/repos/ceekayel/x-video-lock/zipball/837e42d996221e56721b13de2b9d874593c4ca06",
                "reference": "837e42d996221e56721b13de2b9d874593c4ca06",
                "shasum": ""
            },
            "require": {
                "composer/installers": "^1.0",
                "php": ">=5.4 <5.7"
            },
            "type": "wordpress-plugin",
            "license": [
                "proprietary"
            ],
            "authors": [
                {
                    "name": "Christopher Legan",
                    "email": "ceekayel@trick-e.com"
                }
            ],
            "description": "Revslider Wordpress Plugin for X.",
            "keywords": [
                "plugin",
                "plugins",
                "revslider",
                "wordpress",
                "x-theme"
            ],
            "support": {
                "source": "https://github.com/ceekayel/x-video-lock/tree/1.1.0",
                "issues": "https://github.com/ceekayel/x-video-lock/issues"
            },
            "time": "2015-08-25 02:20:17"
        },
        {
            "name": "trick-e/x-white-label",
            "version": "1.1.0",
            "source": {
                "type": "git",
                "url": "https://github.com/ceekayel/x-white-label.git",
                "reference": "fad3a603638d9676ad40696cf9ec14c0e80e9b2e"
            },
            "dist": {
                "type": "zip",
                "url": "https://api.github.com/repos/ceekayel/x-white-label/zipball/fad3a603638d9676ad40696cf9ec14c0e80e9b2e",
                "reference": "fad3a603638d9676ad40696cf9ec14c0e80e9b2e",
                "shasum": ""
            },
            "require": {
                "composer/installers": "^1.0",
                "php": ">=5.4 <5.7"
            },
            "type": "wordpress-plugin",
            "license": [
                "proprietary"
            ],
            "authors": [
                {
                    "name": "Christopher Legan",
                    "email": "ceekayel@trick-e.com"
                }
            ],
            "description": "Revslider Wordpress Plugin for X.",
            "keywords": [
                "plugin",
                "plugins",
                "revslider",
                "wordpress",
                "x-theme"
            ],
            "support": {
                "source": "https://github.com/ceekayel/x-white-label/tree/1.1.0",
                "issues": "https://github.com/ceekayel/x-white-label/issues"
            },
            "time": "2015-08-25 01:08:28"
        },
        {
            "name": "wpackagist-plugin/better-search-replace",
            "version": "1.1.1",
            "source": {
                "type": "svn",
                "url": "http://plugins.svn.wordpress.org/better-search-replace/",
                "reference": "trunk"
            },
            "dist": {
                "type": "zip",
                "url": "https://downloads.wordpress.org/plugin/better-search-replace.zip",
                "reference": null,
                "shasum": null
            },
            "require": {
                "composer/installers": "~1.0"
            },
            "type": "wordpress-plugin",
            "homepage": "https://wordpress.org/plugins/better-search-replace/"
        },
        {
            "name": "wpackagist-plugin/custom-404-pro",
            "version": "1.4.1",
            "source": {
                "type": "svn",
                "url": "http://plugins.svn.wordpress.org/custom-404-pro/",
                "reference": "tags/1.4.1"
            },
            "dist": {
                "type": "zip",
                "url": "https://downloads.wordpress.org/plugin/custom-404-pro.1.4.1.zip",
                "reference": null,
                "shasum": null
            },
            "require": {
                "composer/installers": "~1.0"
            },
            "type": "wordpress-plugin",
            "homepage": "https://wordpress.org/plugins/custom-404-pro/"
        },
        {
            "name": "wpackagist-plugin/google-analytics-for-wordpress",
            "version": "5.4.5",
            "source": {
                "type": "svn",
                "url": "http://plugins.svn.wordpress.org/google-analytics-for-wordpress/",
                "reference": "tags/5.4.5"
            },
            "dist": {
                "type": "zip",
                "url": "https://downloads.wordpress.org/plugin/google-analytics-for-wordpress.5.4.5.zip",
                "reference": null,
                "shasum": null
            },
            "require": {
                "composer/installers": "~1.0"
            },
            "type": "wordpress-plugin",
            "homepage": "https://wordpress.org/plugins/google-analytics-for-wordpress/"
        },
        {
            "name": "wpackagist-plugin/woocommerce",
            "version": "2.4.6",
            "source": {
                "type": "svn",
                "url": "http://plugins.svn.wordpress.org/woocommerce/",
                "reference": "tags/2.4.6"
            },
            "dist": {
                "type": "zip",
                "url": "https://downloads.wordpress.org/plugin/woocommerce.2.4.6.zip",
                "reference": null,
                "shasum": null
            },
            "require": {
                "composer/installers": "~1.0"
            },
            "type": "wordpress-plugin",
            "homepage": "https://wordpress.org/plugins/woocommerce/"
        },
        {
            "name": "wpackagist-plugin/wp-all-import",
            "version": "3.3.0",
            "source": {
                "type": "svn",
                "url": "http://plugins.svn.wordpress.org/wp-all-import/",
                "reference": "tags/3.3.0"
            },
            "dist": {
                "type": "zip",
                "url": "https://downloads.wordpress.org/plugin/wp-all-import.3.3.0.zip",
                "reference": null,
                "shasum": null
            },
            "require": {
                "composer/installers": "~1.0"
            },
            "type": "wordpress-plugin",
            "homepage": "https://wordpress.org/plugins/wp-all-import/"
        }
    ],
    "packages-dev": [],
    "aliases": [],
    "minimum-stability": "stable",
    "stability-flags": [],
    "prefer-stable": false,
    "prefer-lowest": false,
    "platform": {
        "php": ">=5.4 <5.7"
    },
    "platform-dev": []
}
