{
    "_readme": [
        "This file locks the dependencies of your project to a known state",
        "Read more about it at https://getcomposer.org/doc/01-basic-usage.md#composer-lock-the-lock-file",
        "This file is @generated automatically"
    ],
    "hash": "ef465ea79cbf4d3b0079397cf9dbfa5e",
    "packages": [
        {
            "name": "composer/installers",
            "version": "v1.0.21",
            "source": {
                "type": "git",
                "url": "https://github.com/composer/installers.git",
                "reference": "d64e23fce42a4063d63262b19b8e7c0f3b5e4c45"
            },
            "dist": {
                "type": "zip",
                "url": "https://api.github.com/repos/composer/installers/zipball/d64e23fce42a4063d63262b19b8e7c0f3b5e4c45",
                "reference": "d64e23fce42a4063d63262b19b8e7c0f3b5e4c45",
                "shasum": ""
            },
            "replace": {
                "roundcube/plugin-installer": "*",
                "shama/baton": "*"
            },
            "require-dev": {
                "composer/composer": "1.0.*@dev",
                "phpunit/phpunit": "4.1.*"
            },
            "type": "composer-installer",
            "extra": {
                "class": "Composer\\Installers\\Installer",
                "branch-alias": {
                    "dev-master": "1.0-dev"
                }
            },
            "autoload": {
                "psr-0": {
                    "Composer\\Installers\\": "src/"
                }
            },
            "notification-url": "https://packagist.org/downloads/",
            "license": [
                "MIT"
            ],
            "authors": [
                {
                    "name": "Kyle Robinson Young",
                    "email": "kyle@dontkry.com",
                    "homepage": "https://github.com/shama"
                }
            ],
            "description": "A multi-framework Composer library installer",
            "homepage": "http://composer.github.com/installers/",
            "keywords": [
                "Craft",
                "Dolibarr",
                "Hurad",
                "MODX Evo",
                "OXID",
                "SMF",
                "Thelia",
                "WolfCMS",
                "agl",
                "aimeos",
                "annotatecms",
                "bitrix",
                "cakephp",
                "chef",
                "codeigniter",
                "concrete5",
                "croogo",
                "dokuwiki",
                "drupal",
                "elgg",
                "fuelphp",
                "grav",
                "installer",
                "joomla",
                "kohana",
                "laravel",
                "lithium",
                "magento",
                "mako",
                "mediawiki",
                "modulework",
                "moodle",
                "phpbb",
                "piwik",
                "ppi",
                "puppet",
                "roundcube",
                "shopware",
                "silverstripe",
                "symfony",
                "typo3",
                "wordpress",
                "zend",
                "zikula"
            ],
            "time": "2015-02-18 17:17:01"
        },
        {
            "name": "johnpbloch/wordpress",
            "version": "4.3",
            "source": {
                "type": "git",
                "url": "https://github.com/johnpbloch/wordpress.git",
                "reference": "2afe902599538caaa0f1fd7579895dd7cc0ac5f7"
            },
            "dist": {
                "type": "zip",
                "url": "https://api.github.com/repos/johnpbloch/wordpress/zipball/2afe902599538caaa0f1fd7579895dd7cc0ac5f7",
                "reference": "2afe902599538caaa0f1fd7579895dd7cc0ac5f7",
                "shasum": ""
            },
            "require": {
                "johnpbloch/wordpress-core-installer": "~0.2",
                "php": ">=5.3.2"
            },
            "type": "wordpress-core",
            "notification-url": "https://packagist.org/downloads/",
            "license": [
                "GPL-2.0+"
            ],
            "authors": [
                {
                    "name": "WordPress Community",
                    "homepage": "http://wordpress.org/about/"
                }
            ],
            "description": "WordPress is web software you can use to create a beautiful website or blog.",
            "homepage": "http://wordpress.org/",
            "keywords": [
                "blog",
                "cms"
            ],
            "time": "2015-08-18 18:16:11"
        },
        {
            "name": "johnpbloch/wordpress-core-installer",
            "version": "0.2.1",
            "source": {
                "type": "git",
                "url": "https://github.com/johnpbloch/wordpress-core-installer.git",
                "reference": "a04c2c383ef13aae077f36799ed2eafdebd618d2"
            },
            "dist": {
                "type": "zip",
                "url": "https://api.github.com/repos/johnpbloch/wordpress-core-installer/zipball/a04c2c383ef13aae077f36799ed2eafdebd618d2",
                "reference": "a04c2c383ef13aae077f36799ed2eafdebd618d2",
                "shasum": ""
            },
            "require": {
                "composer-plugin-api": "^1.0"
            },
            "conflict": {
                "composer/installers": "<1.0.6"
            },
            "require-dev": {
                "composer/composer": "1.0.*@dev"
            },
            "type": "composer-plugin",
            "extra": {
                "class": "johnpbloch\\Composer\\WordPressCorePlugin"
            },
            "autoload": {
                "psr-0": {
                    "johnpbloch\\Composer\\": "src/"
                }
            },
            "notification-url": "https://packagist.org/downloads/",
            "license": [
                "GPL-2.0+"
            ],
            "authors": [
                {
                    "name": "John P. Bloch",
                    "email": "me@johnpbloch.com"
                }
            ],
            "description": "A custom installer to handle deploying WordPress with composer",
            "keywords": [
                "wordpress"
            ],
            "time": "2015-06-11 15:15:30"
        },
        {
            "name": "trick-e/Tevolution",
            "version": "2.2.11",
            "source": {
                "type": "git",
                "url": "https://github.com/ceekayel/Tevolution.git",
                "reference": "46274488ab9600cffa3a602ff222cf0832f55723"
            },
            "dist": {
                "type": "zip",
                "url": "https://api.github.com/repos/ceekayel/Tevolution/zipball/395871fd590225501870aafcbcf9dea9c9710ad8",
                "reference": "46274488ab9600cffa3a602ff222cf0832f55723",
                "shasum": ""
            },
            "require": {
                "composer/installers": "^1.0",
                "php": ">=5.4 <5.7"
            },
            "type": "wordpress-plugin",
            "license": [
                "proprietary"
            ],
            "authors": [
                {
                    "name": "Christopher Legan",
                    "email": "ceekayel@trick-e.com"
                }
            ],
            "description": "Tevolution Wordpress Plugin for Directory, by Templatic.",
            "keywords": [
                "directory-theme",
                "plugin",
                "plugins",
                "templatic",
                "tevolution",
                "tevolution-plugin",
                "wordpress"
            ],
            "support": {
                "source": "https://github.com/ceekayel/Tevolution/tree/2.2.11",
                "issues": "https://github.com/ceekayel/Tevolution/issues"
            },
            "time": "2015-08-19 02:09:38"
        },
        {
            "name": "trick-e/Tevolution-LocationManager",
            "version": "2.0.9",
            "source": {
                "type": "git",
                "url": "https://github.com/ceekayel/Tevolution-LocationManager.git",
                "reference": "8900d1d39a8733b9b89bff01992d39b12b1fff86"
            },
            "dist": {
                "type": "zip",
                "url": "https://api.github.com/repos/ceekayel/Tevolution-LocationManager/zipball/8900d1d39a8733b9b89bff01992d39b12b1fff86",
                "reference": "8900d1d39a8733b9b89bff01992d39b12b1fff86",
                "shasum": ""
            },
            "require": {
                "composer/installers": "^1.0",
                "php": ">=5.4 <5.7"
            },
            "type": "wordpress-plugin",
            "license": [
                "proprietary"
            ],
            "authors": [
                {
                    "name": "Christopher Legan",
                    "email": "ceekayel@trick-e.com"
                }
            ],
            "description": "Location Manager Wordpress Plugin for Directory, by Templatic.",
            "keywords": [
                "directory-theme",
                "location-manager-plugin",
                "plugin",
                "plugins",
                "templatic",
                "tevolution",
                "wordpress"
            ],
            "support": {
                "source": "https://github.com/ceekayel/Tevolution-LocationManager/tree/2.0.9",
                "issues": "https://github.com/ceekayel/Tevolution-LocationManager/issues"
            },
            "time": "2015-08-19 02:32:26"
        },
        {
            "name": "trick-e/catalog-theme",
            "version": "1.0.11",
            "source": {
                "type": "git",
                "url": "https://github.com/ceekayel/Catalog.git",
                "reference": "93acf8973e7b81c45a5796edff5e61aec3755f7f"
            },
            "dist": {
                "type": "zip",
                "url": "https://api.github.com/repos/ceekayel/Catalog/zipball/93acf8973e7b81c45a5796edff5e61aec3755f7f",
                "reference": "93acf8973e7b81c45a5796edff5e61aec3755f7f",
                "shasum": ""
            },
            "require": {
                "composer/installers": "^1.0",
                "php": ">=5.4 <5.7"
            },
            "type": "wordpress-theme",
            "license": [
                "proprietary"
            ],
            "authors": [
                {
                    "name": "Christopher Legan",
                    "email": "ceekayel@trick-e.com"
                }
            ],
            "description": "A Wordpress theme called Catalog, by Templatic.",
            "keywords": [
                "catalog",
                "templatic",
                "theme",
                "themes",
                "wordpress"
            ],
            "support": {
                "source": "https://github.com/ceekayel/Catalog/tree/1.0.11",
                "issues": "https://github.com/ceekayel/Catalog/issues"
            },
            "time": "2015-08-18 20:11:06"
        },
        {
            "name": "trick-e/cornerstone",
            "version": "1.0.5",
            "source": {
                "type": "git",
                "url": "https://github.com/ceekayel/cornerstone.git",
                "reference": "bdfea2c21665e9c23e7793dee260efbf7e5e6e2e"
            },
            "dist": {
                "type": "zip",
                "url": "https://api.github.com/repos/ceekayel/cornerstone/zipball/bdfea2c21665e9c23e7793dee260efbf7e5e6e2e",
                "reference": "bdfea2c21665e9c23e7793dee260efbf7e5e6e2e",
                "shasum": ""
            },
            "require": {
                "composer/installers": "^1.0",
                "php": ">=5.4 <5.7"
            },
            "type": "wordpress-plugin",
            "license": [
                "proprietary"
            ],
            "authors": [
                {
                    "name": "Christopher Legan",
                    "email": "ceekayel@trick-e.com"
                }
            ],
            "description": "Cornerstone Wordpress Plugin for X.",
            "keywords": [
                "cornerstone",
                "plugin",
                "plugins",
                "wordpress",
                "x-theme"
            ],
            "support": {
                "source": "https://github.com/ceekayel/cornerstone/tree/master",
                "issues": "https://github.com/ceekayel/cornerstone/issues"
            },
            "time": "2015-08-18 03:03:59"
        },
        {
            "name": "trick-e/directory-theme",
            "version": "2.0.7",
            "source": {
                "type": "git",
                "url": "https://github.com/ceekayel/Directory.git",
                "reference": "d6b10adf414f04dec3b32e59effbf4b8e767ef00"
            },
            "dist": {
                "type": "zip",
                "url": "https://api.github.com/repos/ceekayel/Directory/zipball/d6b10adf414f04dec3b32e59effbf4b8e767ef00",
                "reference": "d6b10adf414f04dec3b32e59effbf4b8e767ef00",
                "shasum": ""
            },
            "require": {
                "composer/installers": "^1.0",
                "php": ">=5.4 <5.7"
            },
            "suggest": {
                "trick-e/tevolution-directory-plugin": " a powerful plugin for this theme",
                "trick-e/tevolution-location-manager-plugin": " a powerful plugin for this theme"
            },
            "type": "wordpress-theme",
            "license": [
                "proprietary"
            ],
            "authors": [
                {
                    "name": "Christopher Legan",
                    "email": "ceekayel@trick-e.com"
                }
            ],
            "description": "A Wordpress template called Directory, by Templatic.",
            "keywords": [
                "Templatic",
                "directory",
                "theme",
                "themes",
                "wordpress"
            ],
            "support": {
                "source": "https://github.com/ceekayel/Directory/tree/2.0.7",
                "issues": "https://github.com/ceekayel/Directory/issues"
            },
            "time": "2015-08-18 20:12:31"
        },
        {
            "name": "trick-e/duplicator",
            "version": "0.5.26",
            "source": {
                "type": "git",
                "url": "https://github.com/ceekayel/duplicator.git",
                "reference": "3120947b65364d6c1e97df08189f5efa83c9f0c0"
            },
            "dist": {
                "type": "zip",
                "url": "https://api.github.com/repos/ceekayel/duplicator/zipball/3120947b65364d6c1e97df08189f5efa83c9f0c0",
                "reference": "3120947b65364d6c1e97df08189f5efa83c9f0c0",
                "shasum": ""
            },
            "require": {
                "composer/installers": "^1.0",
                "php": ">=5.4 <5.7"
            },
            "type": "wordpress-plugin",
            "license": [
                "proprietary"
            ],
            "authors": [
                {
                    "name": "Christopher Legan",
                    "email": "ceekayel@trick-e.com"
                }
            ],
            "description": "Duplicator Wordpress Plugin.",
            "keywords": [
                "duplicator",
                "plugin",
                "plugins",
                "wordpress"
            ],
            "support": {
                "source": "https://github.com/ceekayel/duplicator/tree/master",
                "issues": "https://github.com/ceekayel/duplicator/issues"
            },
            "time": "2015-08-18 13:55:10"
        },
        {
            "name": "trick-e/revslider",
            "version": "4.6.93",
            "source": {
                "type": "git",
                "url": "https://github.com/ceekayel/revslider.git",
                "reference": "5441f1b47a0118bacdc9abad3a0e784e064f4764"
            },
            "dist": {
                "type": "zip",
                "url": "https://api.github.com/repos/ceekayel/revslider/zipball/5441f1b47a0118bacdc9abad3a0e784e064f4764",
                "reference": "5441f1b47a0118bacdc9abad3a0e784e064f4764",
                "shasum": ""
            },
            "require": {
                "composer/installers": "^1.0",
                "php": ">=5.4 <5.7"
            },
            "type": "wordpress-plugin",
            "license": [
                "proprietary"
            ],
            "authors": [
                {
                    "name": "Christopher Legan",
                    "email": "ceekayel@trick-e.com"
                }
            ],
            "description": "Revslider Wordpress Plugin for X.",
            "keywords": [
                "plugin",
                "plugins",
                "revslider",
                "wordpress",
                "x-theme"
            ],
            "support": {
                "source": "https://github.com/ceekayel/revslider/tree/master",
                "issues": "https://github.com/ceekayel/revslider/issues"
            },
            "time": "2015-08-18 13:36:10"
        },
        {
            "name": "trick-e/supreme",
            "version": "1.1.4",
            "source": {
                "type": "git",
                "url": "https://github.com/ceekayel/supreme.git",
                "reference": "177446112a7eae89d4439d2e5218d3f6d4382385"
            },
            "dist": {
                "type": "zip",
                "url": "https://api.github.com/repos/ceekayel/supreme/zipball/177446112a7eae89d4439d2e5218d3f6d4382385",
                "reference": "177446112a7eae89d4439d2e5218d3f6d4382385",
                "shasum": ""
            },
            "require": {
                "composer/installers": "^1.0",
                "php": ">=5.4 <5.7"
            },
            "suggest": {
                "trick-e/supreme-theme": " required - this is a child theme of supreme"
            },
            "type": "wordpress-theme",
            "license": [
                "proprietary"
            ],
            "authors": [
                {
                    "name": "Christopher Legan",
                    "email": "ceekayel@trick-e.com"
                }
            ],
            "description": "Supreme Wordpress Parent Theme for Catalog, by Templatic.",
            "keywords": [
                "catalog",
                "supreme",
                "theme",
                "themes",
                "wordpress"
            ],
            "support": {
                "source": "https://github.com/ceekayel/supreme/tree/1.1.4",
                "issues": "https://github.com/ceekayel/supreme/issues"
            },
            "time": "2015-08-18 23:10:29"
        },
        {
            "name": "trick-e/tevolution-bulkimport-plugin",
            "version": "1.0",
            "source": {
                "type": "git",
                "url": "https://github.com/ceekayel/Tevolution-BulkImport.git",
                "reference": "50e2ab3b087b7cf837742709adc69ed6e9f8ccc3"
            },
            "dist": {
                "type": "zip",
                "url": "https://api.github.com/repos/ceekayel/Tevolution-BulkImport/zipball/50e2ab3b087b7cf837742709adc69ed6e9f8ccc3",
                "reference": "50e2ab3b087b7cf837742709adc69ed6e9f8ccc3",
                "shasum": ""
            },
            "require": {
                "composer/installers": "^1.0",
                "php": ">=5.4 <5.7"
            },
            "type": "wordpress-plugin",
            "license": [
                "proprietary"
            ],
            "authors": [
                {
                    "name": "Christopher Legan",
                    "email": "ceekayel@trick-e.com"
                }
            ],
            "description": "Tevolution Bulk Import Wordpress Plugin for Directory, by Templatic.",
            "keywords": [
                "bulkimport-plugin",
                "directory-theme",
                "plugin",
                "plugins",
                "templatic",
                "tevolution",
                "tevolution-plugin",
                "wordpress"
            ],
            "support": {
                "source": "https://github.com/ceekayel/Tevolution-BulkImport/tree/1.0",
                "issues": "https://github.com/ceekayel/Tevolution-BulkImport/issues"
            },
            "time": "2015-08-18 21:14:58"
        },
        {
            "name": "trick-e/tevolution-directory",
            "version": "2.0.10",
            "source": {
                "type": "git",
                "url": "https://github.com/ceekayel/Tevolution-Directory.git",
                "reference": "2ea2f6d13355aa4640b7a001cfcdec178466fc01"
            },
            "dist": {
                "type": "zip",
                "url": "https://api.github.com/repos/ceekayel/Tevolution-Directory/zipball/2ea2f6d13355aa4640b7a001cfcdec178466fc01",
                "reference": "2ea2f6d13355aa4640b7a001cfcdec178466fc01",
                "shasum": ""
            },
            "require": {
                "composer/installers": "^1.0",
                "php": ">=5.4 <5.7"
            },
            "type": "wordpress-plugin",
            "license": [
                "proprietary"
            ],
            "authors": [
                {
                    "name": "Christopher Legan",
                    "email": "ceekayel@trick-e.com"
                }
            ],
            "description": "Directory Wordpress Plugin for Directory, by Templatic.",
            "keywords": [
                "directory-plugin",
                "directory-theme",
                "plugin",
                "plugins",
                "templatic",
                "tevolution",
                "wordpress"
            ],
            "support": {
                "source": "https://github.com/ceekayel/Tevolution-Directory/tree/2.0.10",
                "issues": "https://github.com/ceekayel/Tevolution-Directory/issues"
            },
            "time": "2015-08-19 02:40:54"
        },
        {
            "name": "trick-e/video-theme",
            "version": "1.1",
            "source": {
                "type": "git",
                "url": "https://github.com/ceekayel/Video.git",
                "reference": "7f359713f21d78a66b138e6ce73b426c86f1781c"
            },
            "dist": {
                "type": "zip",
                "url": "https://api.github.com/repos/ceekayel/Video/zipball/2f17f35170a17285738c6a25c2b094885467ff87",
                "reference": "7f359713f21d78a66b138e6ce73b426c86f1781c",
                "shasum": ""
            },
            "require": {
                "composer/installers": "^1.0",
                "php": ">=5.4 <5.7"
            },
            "suggest": {
                "wpackagist-plugin/cornerstone": "^0.7.2 required for this theme to operate"
            },
            "type": "wordpress-theme",
            "license": [
                "proprietary"
            ],
            "authors": [
                {
                    "name": "Christopher Legan",
                    "email": "ceekayel@trick-e.com"
                }
            ],
            "description": "A Wordpress theme called Video, by Templatic.",
            "keywords": [
                "templatic",
                "theme",
                "themes",
                "video",
                "wordpress"
            ],
            "support": {
                "source": "https://github.com/ceekayel/Video/tree/master",
                "issues": "https://github.com/ceekayel/Video/issues"
            },
            "time": "2015-08-18 17:09:36"
        },
        {
            "name": "trick-e/x-theme",
            "version": "4.0.6",
            "source": {
                "type": "git",
                "url": "https://github.com/ceekayel/x.git",
                "reference": "5fc126c62693e9cad5772007cae7a31809252cc6"
            },
            "dist": {
                "type": "zip",
                "url": "https://api.github.com/repos/ceekayel/x/zipball/ba735ff54ee970844ad95132cbbe9dde6c397fb9",
                "reference": "5fc126c62693e9cad5772007cae7a31809252cc6",
                "shasum": ""
            },
            "require": {
                "composer/installers": "^1.0",
                "php": ">=5.4 <5.7"
            },
            "suggest": {
                "wpackagist-plugin/cornerstone": "^0.7.2 required for this theme to operate"
            },
            "type": "wordpress-theme",
            "license": [
                "proprietary"
            ],
            "authors": [
                {
                    "name": "Christopher Legan",
                    "email": "ceekayel@trick-e.com"
                }
            ],
            "description": "A Wordpress theme called X, by Themeforest.",
            "keywords": [
                "theme",
                "themeforest",
                "themes",
                "wordpress",
                "x"
            ],
            "support": {
                "source": "https://github.com/ceekayel/x/tree/4.0.6",
                "issues": "https://github.com/ceekayel/x/issues"
            },
            "time": "2015-08-18 20:41:01"
        },
        {
            "name": "wpackagist-plugin/jonradio-multiple-themes",
            "version": "7.1",
            "source": {
                "type": "svn",
                "url": "http://plugins.svn.wordpress.org/jonradio-multiple-themes/",
                "reference": "tags/7.1"
            },
            "dist": {
                "type": "zip",
                "url": "https://downloads.wordpress.org/plugin/jonradio-multiple-themes.7.1.zip",
                "reference": null,
                "shasum": null
            },
            "require": {
                "composer/installers": "~1.0"
            },
            "type": "wordpress-plugin",
            "homepage": "https://wordpress.org/plugins/jonradio-multiple-themes/"
        },
        {
            "name": "wpackagist-plugin/woocommerce",
            "version": "2.4.4",
            "source": {
                "type": "svn",
                "url": "http://plugins.svn.wordpress.org/woocommerce/",
                "reference": "tags/2.4.4"
            },
            "dist": {
                "type": "zip",
                "url": "https://downloads.wordpress.org/plugin/woocommerce.2.4.4.zip",
                "reference": null,
                "shasum": null
            },
            "require": {
                "composer/installers": "~1.0"
            },
            "type": "wordpress-plugin",
            "homepage": "https://wordpress.org/plugins/woocommerce/"
        }
    ],
    "packages-dev": [],
    "aliases": [],
    "minimum-stability": "stable",
    "stability-flags": [],
    "prefer-stable": false,
    "prefer-lowest": false,
    "platform": {
        "php": ">=5.4 <5.7"
    },
    "platform-dev": []
}
